
Microsoft Visual Studio Solution File, Format Version 12.00
# Visual Studio Version 16
VisualStudioVersion = 16.0.29001.49
MinimumVisualStudioVersion = 10.0.40219.1
Project("{FAE04EC0-301F-11D3-BF4B-00C04F79EFBC}") = "ContanerizedVisits", "ContanerizedVisits\ContanerizedVisits.csproj", "{390D64DF-42BA-428F-959E-D7DC4D26FC89}"
EndProject
Global
	GlobalSection(SolutionConfigurationPlatforms) = preSolution
		Debug|Any CPU = Debug|Any CPU
		Release|Any CPU = Release|Any CPU
	EndGlobalSection
	GlobalSection(ProjectConfigurationPlatforms) = postSolution
		{390D64DF-42BA-428F-959E-D7DC4D26FC89}.Debug|Any CPU.ActiveCfg = Debug|Any CPU
		{390D64DF-42BA-428F-959E-D7DC4D26FC89}.Debug|Any CPU.Build.0 = Debug|Any CPU
		{390D64DF-42BA-428F-959E-D7DC4D26FC89}.Release|Any CPU.ActiveCfg = Release|Any CPU
		{390D64DF-42BA-428F-959E-D7DC4D26FC89}.Release|Any CPU.Build.0 = Release|Any CPU
	EndGlobalSection
	GlobalSection(SolutionProperties) = preSolution
		HideSolutionNode = FALSE
	EndGlobalSection
	GlobalSection(ExtensibilityGlobals) = postSolution
		SolutionGuid = {EFDEBED9-CBD2-4572-8CDC-B4B74E18E607}
	EndGlobalSection
EndGlobal
