
Microsoft Visual Studio Solution File, Format Version 12.00
# Visual Studio Version 16
VisualStudioVersion = 16.0.29503.13
MinimumVisualStudioVersion = 10.0.40219.1
Project("{FAE04EC0-301F-11D3-BF4B-00C04F79EFBC}") = "DesignPatterns", "DesignPatterns\DesignPatterns.csproj", "{38A46A96-BC4A-425E-8313-042D7C1C992D}"
EndProject
Global
	GlobalSection(SolutionConfigurationPlatforms) = preSolution
		Debug|Any CPU = Debug|Any CPU
		Release|Any CPU = Release|Any CPU
	EndGlobalSection
	GlobalSection(ProjectConfigurationPlatforms) = postSolution
		{38A46A96-BC4A-425E-8313-042D7C1C992D}.Debug|Any CPU.ActiveCfg = Debug|Any CPU
		{38A46A96-BC4A-425E-8313-042D7C1C992D}.Debug|Any CPU.Build.0 = Debug|Any CPU
		{38A46A96-BC4A-425E-8313-042D7C1C992D}.Release|Any CPU.ActiveCfg = Release|Any CPU
		{38A46A96-BC4A-425E-8313-042D7C1C992D}.Release|Any CPU.Build.0 = Release|Any CPU
	EndGlobalSection
	GlobalSection(SolutionProperties) = preSolution
		HideSolutionNode = FALSE
	EndGlobalSection
	GlobalSection(ExtensibilityGlobals) = postSolution
		SolutionGuid = {BB6D1733-90A2-4C27-BCB9-88AB0CF654E4}
	EndGlobalSection
EndGlobal
